
Microsoft Visual Studio Solution File, Format Version 12.00
# Visual Studio 2012
Project("{2150E333-8FDC-42A3-9474-1A3956D46DE8}") = "Core", "Core", "{9CA2149B-32D6-47E4-A09C-F35E1FE7E317}"
EndProject
Project("{2150E333-8FDC-42A3-9474-1A3956D46DE8}") = "Tests", "Tests", "{3F05B603-9C28-42D4-94E2-1912DAC6EF87}"
EndProject
Project("{2150E333-8FDC-42A3-9474-1A3956D46DE8}") = ".nuget", ".nuget", "{7A2BCFAC-BA6D-442C-AB9A-14A985FECE77}"
EndProject
Project("{2150E333-8FDC-42A3-9474-1A3956D46DE8}") = "Tests", "Tests", "{C2921358-37F3-4AF8-B702-C5D07E0478AD}"
EndProject
Project("{2150E333-8FDC-42A3-9474-1A3956D46DE8}") = ".nuget", ".nuget", "{8400D11F-7F5E-402D-A01D-29A4DA0D2E68}"
EndProject
Project("{FAE04EC0-301F-11D3-BF4B-00C04F79EFBC}") = "PostaFlya", "PostaFlya\PostaFlya.csproj", "{85753E12-6D9B-4B33-9EBD-BF31DBE10088}"
EndProject
Project("{FAE04EC0-301F-11D3-BF4B-00C04F79EFBC}") = "PostaFlya.Application.Domain", "PostaFlya.Application.Domain\PostaFlya.Application.Domain.csproj", "{1510EA95-D2A1-47B5-8652-49895B97FC9F}"
EndProject
Project("{FAE04EC0-301F-11D3-BF4B-00C04F79EFBC}") = "PostaFlya.Application.Domain.Tests", "PostaFlya.Application.Domain.Tests\PostaFlya.Application.Domain.Tests.csproj", "{F48F8E4D-A3AA-4ECE-87A6-5D2033C7E2AD}"
EndProject
Project("{FAE04EC0-301F-11D3-BF4B-00C04F79EFBC}") = "PostaFlya.CommandWorker", "PostaFlya.CommandWorker\PostaFlya.CommandWorker.csproj", "{A75E5417-69A4-4627-97E5-6897DA3D58F7}"
EndProject
Project("{FAE04EC0-301F-11D3-BF4B-00C04F79EFBC}") = "PostaFlya.DataRepository", "PostaFlya.DataRepository\PostaFlya.DataRepository.csproj", "{787DCEAB-23A8-476E-859F-5CD98F9ABDDC}"
EndProject
Project("{FAE04EC0-301F-11D3-BF4B-00C04F79EFBC}") = "PostaFlya.DataRepository.Tests", "PostaFlya.DataRepository.Tests\PostaFlya.DataRepository.Tests.csproj", "{60F7ADE6-1741-4097-8C31-E215FF8205A2}"
EndProject
Project("{FAE04EC0-301F-11D3-BF4B-00C04F79EFBC}") = "PostaFlya.Domain", "PostaFlya.Domain\PostaFlya.Domain.csproj", "{77BD3622-4D65-4776-AC5A-4F779CC526ED}"
EndProject
Project("{FAE04EC0-301F-11D3-BF4B-00C04F79EFBC}") = "PostaFlya.Mocks.Domain", "PostaFlya.Mocks.Domain\PostaFlya.Mocks.Domain.csproj", "{2AA4C663-ADFF-47C7-9770-92D7A524DD33}"
EndProject
Project("{FAE04EC0-301F-11D3-BF4B-00C04F79EFBC}") = "PostaFlya.Specification", "PostaFlya.Specification\PostaFlya.Specification.csproj", "{AE147187-755E-44A9-B1C8-CF0E5C55E081}"
EndProject
Project("{FAE04EC0-301F-11D3-BF4B-00C04F79EFBC}") = "PostaFlya.Website.Tests", "PostaFlya.Website.Tests\PostaFlya.Website.Tests.csproj", "{F1D8194A-A9CF-4B13-BF8D-1B7F487AB2D4}"
EndProject
Project("{FAE04EC0-301F-11D3-BF4B-00C04F79EFBC}") = "Website.Application", "..\Core\Website.Application\Website.Application.csproj", "{46DB8930-71D8-4DE4-BAA6-39944F07D6F5}"
EndProject
Project("{FAE04EC0-301F-11D3-BF4B-00C04F79EFBC}") = "Website.Application.Azure", "..\Core\Website.Application.Azure\Website.Application.Azure.csproj", "{3BFDED0A-130F-4CEC-ABFC-51E6AA72F5C2}"
EndProject
Project("{FAE04EC0-301F-11D3-BF4B-00C04F79EFBC}") = "Website.Application.Azure.Tests", "..\Core\Website.Application.Azure.Tests\Website.Application.Azure.Tests.csproj", "{5B38D82E-45BE-4EAA-933E-06CB95EF9CCE}"
EndProject
Project("{FAE04EC0-301F-11D3-BF4B-00C04F79EFBC}") = "Website.Application.Tests", "..\Core\Website.Application.Tests\Website.Application.Tests.csproj", "{303D2A12-79EC-464A-88E6-25B98A64E5ED}"
EndProject
Project("{FAE04EC0-301F-11D3-BF4B-00C04F79EFBC}") = "Website.Azure.Common", "..\Core\Website.Azure.Common\Website.Azure.Common.csproj", "{63418161-2D30-4BC6-B1C1-015CDA302B08}"
EndProject
Project("{FAE04EC0-301F-11D3-BF4B-00C04F79EFBC}") = "Website.Azure.Common.Tests", "..\Core\Website.Azure.Common.Tests\Website.Azure.Common.Tests.csproj", "{73A9F7E1-D454-45FB-A9CA-29E1FD7F0AEC}"
EndProject
Project("{FAE04EC0-301F-11D3-BF4B-00C04F79EFBC}") = "Website.Common", "..\Core\Website.Common\Website.Common.csproj", "{B8DA4F3A-23FF-46AA-A9E4-A22EAC11CA3A}"
EndProject
Project("{FAE04EC0-301F-11D3-BF4B-00C04F79EFBC}") = "Website.Infrastructure", "..\Core\Website.Infrastructure\Website.Infrastructure.csproj", "{B5C3A966-F286-4CB8-913B-C8625625451D}"
EndProject
Project("{FAE04EC0-301F-11D3-BF4B-00C04F79EFBC}") = "Website.Test.Common", "..\Core\Website.Test.Common\Website.Test.Common.csproj", "{DC7CC356-EE06-49C0-9985-9D0101AAF45F}"
EndProject
Project("{FAE04EC0-301F-11D3-BF4B-00C04F79EFBC}") = "Website.Domain", "..\Core\Website.Domain\Website.Domain.csproj", "{C479A98A-EC5A-45EF-968A-2D81B406485F}"
EndProject
Project("{FAE04EC0-301F-11D3-BF4B-00C04F79EFBC}") = "Website.Application.Domain", "..\Core\Website.Application.Domain\Website.Application.Domain.csproj", "{33669E4A-6C9B-4DC2-AE89-29286141658C}"
EndProject
Project("{FAE04EC0-301F-11D3-BF4B-00C04F79EFBC}") = "Website.Application.Domain.Tests", "..\Core\Website.Application.Domain.Tests\Website.Application.Domain.Tests.csproj", "{C67F82AA-07C4-49A7-906D-127A6CC8CDFD}"
EndProject
Project("{FAE04EC0-301F-11D3-BF4B-00C04F79EFBC}") = "Website.Mocks.Domain", "..\Core\Website.Mocks.Domain\Website.Mocks.Domain.csproj", "{FFE7D016-19DB-40F6-8565-EE2507AE4F12}"
EndProject
Project("{FAE04EC0-301F-11D3-BF4B-00C04F79EFBC}") = "Website.Domain.Tests", "..\Core\Website.Domain.Tests\Website.Domain.Tests.csproj", "{E602D5BC-F9A6-4CB5-915B-760CA16F826C}"
EndProject
Project("{2150E333-8FDC-42A3-9474-1A3956D46DE8}") = "Solution Items", "Solution Items", "{E2251CE3-63AA-4E1B-9F50-257B4B4DC673}"
	ProjectSection(SolutionItems) = preProject
		WE-browsers.xml = WE-browsers.xml
	EndProjectSection
EndProject
Project("{CC5FD16D-436D-48AD-A40C-5A424C6E3E79}") = "PopscenesAzure", "PopscenesAzure\PopscenesAzure.ccproj", "{5EB1820C-2152-4083-9395-A8094E85083E}"
EndProject
Project("{FAE04EC0-301F-11D3-BF4B-00C04F79EFBC}") = "Popscenes.Specification", "Popscenes.Specification\Popscenes.Specification.csproj", "{8DCFA332-8D85-4731-AC0D-727012BFDB3B}"
EndProject
Global
	GlobalSection(SolutionConfigurationPlatforms) = preSolution
		Debug|Any CPU = Debug|Any CPU
		Release|Any CPU = Release|Any CPU
	EndGlobalSection
	GlobalSection(ProjectConfigurationPlatforms) = postSolution
		{85753E12-6D9B-4B33-9EBD-BF31DBE10088}.Debug|Any CPU.ActiveCfg = Debug|Any CPU
		{85753E12-6D9B-4B33-9EBD-BF31DBE10088}.Debug|Any CPU.Build.0 = Debug|Any CPU
		{85753E12-6D9B-4B33-9EBD-BF31DBE10088}.Release|Any CPU.ActiveCfg = Release|Any CPU
		{85753E12-6D9B-4B33-9EBD-BF31DBE10088}.Release|Any CPU.Build.0 = Release|Any CPU
		{1510EA95-D2A1-47B5-8652-49895B97FC9F}.Debug|Any CPU.ActiveCfg = Debug|Any CPU
		{1510EA95-D2A1-47B5-8652-49895B97FC9F}.Debug|Any CPU.Build.0 = Debug|Any CPU
		{1510EA95-D2A1-47B5-8652-49895B97FC9F}.Release|Any CPU.ActiveCfg = Release|Any CPU
		{1510EA95-D2A1-47B5-8652-49895B97FC9F}.Release|Any CPU.Build.0 = Release|Any CPU
		{F48F8E4D-A3AA-4ECE-87A6-5D2033C7E2AD}.Debug|Any CPU.ActiveCfg = Debug|Any CPU
		{F48F8E4D-A3AA-4ECE-87A6-5D2033C7E2AD}.Debug|Any CPU.Build.0 = Debug|Any CPU
		{F48F8E4D-A3AA-4ECE-87A6-5D2033C7E2AD}.Release|Any CPU.ActiveCfg = Release|Any CPU
		{F48F8E4D-A3AA-4ECE-87A6-5D2033C7E2AD}.Release|Any CPU.Build.0 = Release|Any CPU
		{A75E5417-69A4-4627-97E5-6897DA3D58F7}.Debug|Any CPU.ActiveCfg = Debug|Any CPU
		{A75E5417-69A4-4627-97E5-6897DA3D58F7}.Debug|Any CPU.Build.0 = Debug|Any CPU
		{A75E5417-69A4-4627-97E5-6897DA3D58F7}.Release|Any CPU.ActiveCfg = Release|Any CPU
		{A75E5417-69A4-4627-97E5-6897DA3D58F7}.Release|Any CPU.Build.0 = Release|Any CPU
		{787DCEAB-23A8-476E-859F-5CD98F9ABDDC}.Debug|Any CPU.ActiveCfg = Debug|Any CPU
		{787DCEAB-23A8-476E-859F-5CD98F9ABDDC}.Debug|Any CPU.Build.0 = Debug|Any CPU
		{787DCEAB-23A8-476E-859F-5CD98F9ABDDC}.Release|Any CPU.ActiveCfg = Release|Any CPU
		{787DCEAB-23A8-476E-859F-5CD98F9ABDDC}.Release|Any CPU.Build.0 = Release|Any CPU
		{60F7ADE6-1741-4097-8C31-E215FF8205A2}.Debug|Any CPU.ActiveCfg = Debug|Any CPU
		{60F7ADE6-1741-4097-8C31-E215FF8205A2}.Debug|Any CPU.Build.0 = Debug|Any CPU
		{60F7ADE6-1741-4097-8C31-E215FF8205A2}.Release|Any CPU.ActiveCfg = Release|Any CPU
		{60F7ADE6-1741-4097-8C31-E215FF8205A2}.Release|Any CPU.Build.0 = Release|Any CPU
		{77BD3622-4D65-4776-AC5A-4F779CC526ED}.Debug|Any CPU.ActiveCfg = Debug|Any CPU
		{77BD3622-4D65-4776-AC5A-4F779CC526ED}.Debug|Any CPU.Build.0 = Debug|Any CPU
		{77BD3622-4D65-4776-AC5A-4F779CC526ED}.Release|Any CPU.ActiveCfg = Release|Any CPU
		{77BD3622-4D65-4776-AC5A-4F779CC526ED}.Release|Any CPU.Build.0 = Release|Any CPU
		{2AA4C663-ADFF-47C7-9770-92D7A524DD33}.Debug|Any CPU.ActiveCfg = Debug|Any CPU
		{2AA4C663-ADFF-47C7-9770-92D7A524DD33}.Debug|Any CPU.Build.0 = Debug|Any CPU
		{2AA4C663-ADFF-47C7-9770-92D7A524DD33}.Release|Any CPU.ActiveCfg = Release|Any CPU
		{2AA4C663-ADFF-47C7-9770-92D7A524DD33}.Release|Any CPU.Build.0 = Release|Any CPU
		{AE147187-755E-44A9-B1C8-CF0E5C55E081}.Debug|Any CPU.ActiveCfg = Debug|Any CPU
		{AE147187-755E-44A9-B1C8-CF0E5C55E081}.Debug|Any CPU.Build.0 = Debug|Any CPU
		{AE147187-755E-44A9-B1C8-CF0E5C55E081}.Release|Any CPU.ActiveCfg = Release|Any CPU
		{AE147187-755E-44A9-B1C8-CF0E5C55E081}.Release|Any CPU.Build.0 = Release|Any CPU
		{F1D8194A-A9CF-4B13-BF8D-1B7F487AB2D4}.Debug|Any CPU.ActiveCfg = Debug|Any CPU
		{F1D8194A-A9CF-4B13-BF8D-1B7F487AB2D4}.Debug|Any CPU.Build.0 = Debug|Any CPU
		{F1D8194A-A9CF-4B13-BF8D-1B7F487AB2D4}.Release|Any CPU.ActiveCfg = Release|Any CPU
		{F1D8194A-A9CF-4B13-BF8D-1B7F487AB2D4}.Release|Any CPU.Build.0 = Release|Any CPU
		{46DB8930-71D8-4DE4-BAA6-39944F07D6F5}.Debug|Any CPU.ActiveCfg = Debug|Any CPU
		{46DB8930-71D8-4DE4-BAA6-39944F07D6F5}.Debug|Any CPU.Build.0 = Debug|Any CPU
		{46DB8930-71D8-4DE4-BAA6-39944F07D6F5}.Release|Any CPU.ActiveCfg = Release|Any CPU
		{46DB8930-71D8-4DE4-BAA6-39944F07D6F5}.Release|Any CPU.Build.0 = Release|Any CPU
		{3BFDED0A-130F-4CEC-ABFC-51E6AA72F5C2}.Debug|Any CPU.ActiveCfg = Debug|Any CPU
		{3BFDED0A-130F-4CEC-ABFC-51E6AA72F5C2}.Debug|Any CPU.Build.0 = Debug|Any CPU
		{3BFDED0A-130F-4CEC-ABFC-51E6AA72F5C2}.Release|Any CPU.ActiveCfg = Release|Any CPU
		{3BFDED0A-130F-4CEC-ABFC-51E6AA72F5C2}.Release|Any CPU.Build.0 = Release|Any CPU
		{5B38D82E-45BE-4EAA-933E-06CB95EF9CCE}.Debug|Any CPU.ActiveCfg = Debug|Any CPU
		{5B38D82E-45BE-4EAA-933E-06CB95EF9CCE}.Debug|Any CPU.Build.0 = Debug|Any CPU
		{5B38D82E-45BE-4EAA-933E-06CB95EF9CCE}.Release|Any CPU.ActiveCfg = Release|Any CPU
		{5B38D82E-45BE-4EAA-933E-06CB95EF9CCE}.Release|Any CPU.Build.0 = Release|Any CPU
		{303D2A12-79EC-464A-88E6-25B98A64E5ED}.Debug|Any CPU.ActiveCfg = Debug|Any CPU
		{303D2A12-79EC-464A-88E6-25B98A64E5ED}.Debug|Any CPU.Build.0 = Debug|Any CPU
		{303D2A12-79EC-464A-88E6-25B98A64E5ED}.Release|Any CPU.ActiveCfg = Release|Any CPU
		{303D2A12-79EC-464A-88E6-25B98A64E5ED}.Release|Any CPU.Build.0 = Release|Any CPU
		{63418161-2D30-4BC6-B1C1-015CDA302B08}.Debug|Any CPU.ActiveCfg = Debug|Any CPU
		{63418161-2D30-4BC6-B1C1-015CDA302B08}.Debug|Any CPU.Build.0 = Debug|Any CPU
		{63418161-2D30-4BC6-B1C1-015CDA302B08}.Release|Any CPU.ActiveCfg = Release|Any CPU
		{63418161-2D30-4BC6-B1C1-015CDA302B08}.Release|Any CPU.Build.0 = Release|Any CPU
		{73A9F7E1-D454-45FB-A9CA-29E1FD7F0AEC}.Debug|Any CPU.ActiveCfg = Debug|Any CPU
		{73A9F7E1-D454-45FB-A9CA-29E1FD7F0AEC}.Debug|Any CPU.Build.0 = Debug|Any CPU
		{73A9F7E1-D454-45FB-A9CA-29E1FD7F0AEC}.Release|Any CPU.ActiveCfg = Release|Any CPU
		{73A9F7E1-D454-45FB-A9CA-29E1FD7F0AEC}.Release|Any CPU.Build.0 = Release|Any CPU
		{B8DA4F3A-23FF-46AA-A9E4-A22EAC11CA3A}.Debug|Any CPU.ActiveCfg = Debug|Any CPU
		{B8DA4F3A-23FF-46AA-A9E4-A22EAC11CA3A}.Debug|Any CPU.Build.0 = Debug|Any CPU
		{B8DA4F3A-23FF-46AA-A9E4-A22EAC11CA3A}.Release|Any CPU.ActiveCfg = Release|Any CPU
		{B8DA4F3A-23FF-46AA-A9E4-A22EAC11CA3A}.Release|Any CPU.Build.0 = Release|Any CPU
		{B5C3A966-F286-4CB8-913B-C8625625451D}.Debug|Any CPU.ActiveCfg = Debug|Any CPU
		{B5C3A966-F286-4CB8-913B-C8625625451D}.Debug|Any CPU.Build.0 = Debug|Any CPU
		{B5C3A966-F286-4CB8-913B-C8625625451D}.Release|Any CPU.ActiveCfg = Release|Any CPU
		{B5C3A966-F286-4CB8-913B-C8625625451D}.Release|Any CPU.Build.0 = Release|Any CPU
		{DC7CC356-EE06-49C0-9985-9D0101AAF45F}.Debug|Any CPU.ActiveCfg = Debug|Any CPU
		{DC7CC356-EE06-49C0-9985-9D0101AAF45F}.Debug|Any CPU.Build.0 = Debug|Any CPU
		{DC7CC356-EE06-49C0-9985-9D0101AAF45F}.Release|Any CPU.ActiveCfg = Release|Any CPU
		{DC7CC356-EE06-49C0-9985-9D0101AAF45F}.Release|Any CPU.Build.0 = Release|Any CPU
		{C479A98A-EC5A-45EF-968A-2D81B406485F}.Debug|Any CPU.ActiveCfg = Debug|Any CPU
		{C479A98A-EC5A-45EF-968A-2D81B406485F}.Debug|Any CPU.Build.0 = Debug|Any CPU
		{C479A98A-EC5A-45EF-968A-2D81B406485F}.Release|Any CPU.ActiveCfg = Release|Any CPU
		{C479A98A-EC5A-45EF-968A-2D81B406485F}.Release|Any CPU.Build.0 = Release|Any CPU
		{33669E4A-6C9B-4DC2-AE89-29286141658C}.Debug|Any CPU.ActiveCfg = Debug|Any CPU
		{33669E4A-6C9B-4DC2-AE89-29286141658C}.Debug|Any CPU.Build.0 = Debug|Any CPU
		{33669E4A-6C9B-4DC2-AE89-29286141658C}.Release|Any CPU.ActiveCfg = Release|Any CPU
		{33669E4A-6C9B-4DC2-AE89-29286141658C}.Release|Any CPU.Build.0 = Release|Any CPU
		{C67F82AA-07C4-49A7-906D-127A6CC8CDFD}.Debug|Any CPU.ActiveCfg = Debug|Any CPU
		{C67F82AA-07C4-49A7-906D-127A6CC8CDFD}.Debug|Any CPU.Build.0 = Debug|Any CPU
		{C67F82AA-07C4-49A7-906D-127A6CC8CDFD}.Release|Any CPU.ActiveCfg = Release|Any CPU
		{C67F82AA-07C4-49A7-906D-127A6CC8CDFD}.Release|Any CPU.Build.0 = Release|Any CPU
		{FFE7D016-19DB-40F6-8565-EE2507AE4F12}.Debug|Any CPU.ActiveCfg = Debug|Any CPU
		{FFE7D016-19DB-40F6-8565-EE2507AE4F12}.Debug|Any CPU.Build.0 = Debug|Any CPU
		{FFE7D016-19DB-40F6-8565-EE2507AE4F12}.Release|Any CPU.ActiveCfg = Release|Any CPU
		{FFE7D016-19DB-40F6-8565-EE2507AE4F12}.Release|Any CPU.Build.0 = Release|Any CPU
		{E602D5BC-F9A6-4CB5-915B-760CA16F826C}.Debug|Any CPU.ActiveCfg = Debug|Any CPU
		{E602D5BC-F9A6-4CB5-915B-760CA16F826C}.Debug|Any CPU.Build.0 = Debug|Any CPU
		{E602D5BC-F9A6-4CB5-915B-760CA16F826C}.Release|Any CPU.ActiveCfg = Release|Any CPU
		{E602D5BC-F9A6-4CB5-915B-760CA16F826C}.Release|Any CPU.Build.0 = Release|Any CPU
		{5EB1820C-2152-4083-9395-A8094E85083E}.Debug|Any CPU.ActiveCfg = Debug|Any CPU
		{5EB1820C-2152-4083-9395-A8094E85083E}.Debug|Any CPU.Build.0 = Debug|Any CPU
		{5EB1820C-2152-4083-9395-A8094E85083E}.Release|Any CPU.ActiveCfg = Release|Any CPU
		{5EB1820C-2152-4083-9395-A8094E85083E}.Release|Any CPU.Build.0 = Release|Any CPU
		{8DCFA332-8D85-4731-AC0D-727012BFDB3B}.Debug|Any CPU.ActiveCfg = Debug|Any CPU
		{8DCFA332-8D85-4731-AC0D-727012BFDB3B}.Debug|Any CPU.Build.0 = Debug|Any CPU
		{8DCFA332-8D85-4731-AC0D-727012BFDB3B}.Release|Any CPU.ActiveCfg = Release|Any CPU
		{8DCFA332-8D85-4731-AC0D-727012BFDB3B}.Release|Any CPU.Build.0 = Release|Any CPU
	EndGlobalSection
	GlobalSection(SolutionProperties) = preSolution
		HideSolutionNode = FALSE
	EndGlobalSection
	GlobalSection(NestedProjects) = preSolution
		{3F05B603-9C28-42D4-94E2-1912DAC6EF87} = {9CA2149B-32D6-47E4-A09C-F35E1FE7E317}
		{7A2BCFAC-BA6D-442C-AB9A-14A985FECE77} = {9CA2149B-32D6-47E4-A09C-F35E1FE7E317}
		{46DB8930-71D8-4DE4-BAA6-39944F07D6F5} = {9CA2149B-32D6-47E4-A09C-F35E1FE7E317}
		{3BFDED0A-130F-4CEC-ABFC-51E6AA72F5C2} = {9CA2149B-32D6-47E4-A09C-F35E1FE7E317}
		{63418161-2D30-4BC6-B1C1-015CDA302B08} = {9CA2149B-32D6-47E4-A09C-F35E1FE7E317}
		{B8DA4F3A-23FF-46AA-A9E4-A22EAC11CA3A} = {9CA2149B-32D6-47E4-A09C-F35E1FE7E317}
		{B5C3A966-F286-4CB8-913B-C8625625451D} = {9CA2149B-32D6-47E4-A09C-F35E1FE7E317}
		{C479A98A-EC5A-45EF-968A-2D81B406485F} = {9CA2149B-32D6-47E4-A09C-F35E1FE7E317}
		{33669E4A-6C9B-4DC2-AE89-29286141658C} = {9CA2149B-32D6-47E4-A09C-F35E1FE7E317}
		{5B38D82E-45BE-4EAA-933E-06CB95EF9CCE} = {3F05B603-9C28-42D4-94E2-1912DAC6EF87}
		{303D2A12-79EC-464A-88E6-25B98A64E5ED} = {3F05B603-9C28-42D4-94E2-1912DAC6EF87}
		{73A9F7E1-D454-45FB-A9CA-29E1FD7F0AEC} = {3F05B603-9C28-42D4-94E2-1912DAC6EF87}
		{DC7CC356-EE06-49C0-9985-9D0101AAF45F} = {3F05B603-9C28-42D4-94E2-1912DAC6EF87}
		{C67F82AA-07C4-49A7-906D-127A6CC8CDFD} = {3F05B603-9C28-42D4-94E2-1912DAC6EF87}
		{FFE7D016-19DB-40F6-8565-EE2507AE4F12} = {3F05B603-9C28-42D4-94E2-1912DAC6EF87}
		{E602D5BC-F9A6-4CB5-915B-760CA16F826C} = {3F05B603-9C28-42D4-94E2-1912DAC6EF87}
		{F48F8E4D-A3AA-4ECE-87A6-5D2033C7E2AD} = {C2921358-37F3-4AF8-B702-C5D07E0478AD}
		{60F7ADE6-1741-4097-8C31-E215FF8205A2} = {C2921358-37F3-4AF8-B702-C5D07E0478AD}
		{2AA4C663-ADFF-47C7-9770-92D7A524DD33} = {C2921358-37F3-4AF8-B702-C5D07E0478AD}
		{AE147187-755E-44A9-B1C8-CF0E5C55E081} = {C2921358-37F3-4AF8-B702-C5D07E0478AD}
		{F1D8194A-A9CF-4B13-BF8D-1B7F487AB2D4} = {C2921358-37F3-4AF8-B702-C5D07E0478AD}
		{8DCFA332-8D85-4731-AC0D-727012BFDB3B} = {C2921358-37F3-4AF8-B702-C5D07E0478AD}
	EndGlobalSection
EndGlobal
