
Microsoft Visual Studio Solution File, Format Version 11.00
# Visual Studio 2010
Project("{FAE04EC0-301F-11D3-BF4B-00C04F79EFBC}") = "WebSite.Application", "WebSite.Application\WebSite.Application.csproj", "{46DB8930-71D8-4DE4-BAA6-39944F07D6F5}"
EndProject
Project("{FAE04EC0-301F-11D3-BF4B-00C04F79EFBC}") = "WebSite.Application.Azure", "WebSite.Application.Azure\WebSite.Application.Azure.csproj", "{3BFDED0A-130F-4CEC-ABFC-51E6AA72F5C2}"
EndProject
Project("{FAE04EC0-301F-11D3-BF4B-00C04F79EFBC}") = "WebSite.Application.Azure.Tests", "WebSite.Application.Azure.Tests\WebSite.Application.Azure.Tests.csproj", "{5B38D82E-45BE-4EAA-933E-06CB95EF9CCE}"
EndProject
Project("{FAE04EC0-301F-11D3-BF4B-00C04F79EFBC}") = "WebSite.Application.Tests", "WebSite.Application.Tests\WebSite.Application.Tests.csproj", "{303D2A12-79EC-464A-88E6-25B98A64E5ED}"
EndProject
Project("{FAE04EC0-301F-11D3-BF4B-00C04F79EFBC}") = "WebSite.Azure.Common", "WebSite.Azure.Common\WebSite.Azure.Common.csproj", "{63418161-2D30-4BC6-B1C1-015CDA302B08}"
EndProject
Project("{FAE04EC0-301F-11D3-BF4B-00C04F79EFBC}") = "WebSite.Azure.Common.Tests", "WebSite.Azure.Common.Tests\WebSite.Azure.Common.Tests.csproj", "{73A9F7E1-D454-45FB-A9CA-29E1FD7F0AEC}"
EndProject
Project("{FAE04EC0-301F-11D3-BF4B-00C04F79EFBC}") = "WebSite.Common", "WebSite.Common\WebSite.Common.csproj", "{B8DA4F3A-23FF-46AA-A9E4-A22EAC11CA3A}"
EndProject
Project("{FAE04EC0-301F-11D3-BF4B-00C04F79EFBC}") = "WebSite.Infrastructure", "WebSite.Infrastructure\WebSite.Infrastructure.csproj", "{B5C3A966-F286-4CB8-913B-C8625625451D}"
EndProject
Project("{FAE04EC0-301F-11D3-BF4B-00C04F79EFBC}") = "WebSite.Test.Common", "WebSite.Test.Common\WebSite.Test.Common.csproj", "{DC7CC356-EE06-49C0-9985-9D0101AAF45F}"
EndProject
Project("{2150E333-8FDC-42A3-9474-1A3956D46DE8}") = "Tests", "Tests", "{3F05B603-9C28-42D4-94E2-1912DAC6EF87}"
EndProject
Project("{2150E333-8FDC-42A3-9474-1A3956D46DE8}") = ".nuget", ".nuget", "{7A2BCFAC-BA6D-442C-AB9A-14A985FECE77}"
EndProject
Global
	GlobalSection(SolutionConfigurationPlatforms) = preSolution
		Debug|Any CPU = Debug|Any CPU
		Release|Any CPU = Release|Any CPU
	EndGlobalSection
	GlobalSection(ProjectConfigurationPlatforms) = postSolution
		{46DB8930-71D8-4DE4-BAA6-39944F07D6F5}.Debug|Any CPU.ActiveCfg = Debug|Any CPU
		{46DB8930-71D8-4DE4-BAA6-39944F07D6F5}.Debug|Any CPU.Build.0 = Debug|Any CPU
		{46DB8930-71D8-4DE4-BAA6-39944F07D6F5}.Release|Any CPU.ActiveCfg = Release|Any CPU
		{46DB8930-71D8-4DE4-BAA6-39944F07D6F5}.Release|Any CPU.Build.0 = Release|Any CPU
		{3BFDED0A-130F-4CEC-ABFC-51E6AA72F5C2}.Debug|Any CPU.ActiveCfg = Debug|Any CPU
		{3BFDED0A-130F-4CEC-ABFC-51E6AA72F5C2}.Debug|Any CPU.Build.0 = Debug|Any CPU
		{3BFDED0A-130F-4CEC-ABFC-51E6AA72F5C2}.Release|Any CPU.ActiveCfg = Release|Any CPU
		{3BFDED0A-130F-4CEC-ABFC-51E6AA72F5C2}.Release|Any CPU.Build.0 = Release|Any CPU
		{5B38D82E-45BE-4EAA-933E-06CB95EF9CCE}.Debug|Any CPU.ActiveCfg = Debug|Any CPU
		{5B38D82E-45BE-4EAA-933E-06CB95EF9CCE}.Debug|Any CPU.Build.0 = Debug|Any CPU
		{5B38D82E-45BE-4EAA-933E-06CB95EF9CCE}.Release|Any CPU.ActiveCfg = Release|Any CPU
		{5B38D82E-45BE-4EAA-933E-06CB95EF9CCE}.Release|Any CPU.Build.0 = Release|Any CPU
		{303D2A12-79EC-464A-88E6-25B98A64E5ED}.Debug|Any CPU.ActiveCfg = Debug|Any CPU
		{303D2A12-79EC-464A-88E6-25B98A64E5ED}.Debug|Any CPU.Build.0 = Debug|Any CPU
		{303D2A12-79EC-464A-88E6-25B98A64E5ED}.Release|Any CPU.ActiveCfg = Release|Any CPU
		{303D2A12-79EC-464A-88E6-25B98A64E5ED}.Release|Any CPU.Build.0 = Release|Any CPU
		{63418161-2D30-4BC6-B1C1-015CDA302B08}.Debug|Any CPU.ActiveCfg = Debug|Any CPU
		{63418161-2D30-4BC6-B1C1-015CDA302B08}.Debug|Any CPU.Build.0 = Debug|Any CPU
		{63418161-2D30-4BC6-B1C1-015CDA302B08}.Release|Any CPU.ActiveCfg = Release|Any CPU
		{63418161-2D30-4BC6-B1C1-015CDA302B08}.Release|Any CPU.Build.0 = Release|Any CPU
		{73A9F7E1-D454-45FB-A9CA-29E1FD7F0AEC}.Debug|Any CPU.ActiveCfg = Debug|Any CPU
		{73A9F7E1-D454-45FB-A9CA-29E1FD7F0AEC}.Debug|Any CPU.Build.0 = Debug|Any CPU
		{73A9F7E1-D454-45FB-A9CA-29E1FD7F0AEC}.Release|Any CPU.ActiveCfg = Release|Any CPU
		{73A9F7E1-D454-45FB-A9CA-29E1FD7F0AEC}.Release|Any CPU.Build.0 = Release|Any CPU
		{B8DA4F3A-23FF-46AA-A9E4-A22EAC11CA3A}.Debug|Any CPU.ActiveCfg = Debug|Any CPU
		{B8DA4F3A-23FF-46AA-A9E4-A22EAC11CA3A}.Debug|Any CPU.Build.0 = Debug|Any CPU
		{B8DA4F3A-23FF-46AA-A9E4-A22EAC11CA3A}.Release|Any CPU.ActiveCfg = Release|Any CPU
		{B8DA4F3A-23FF-46AA-A9E4-A22EAC11CA3A}.Release|Any CPU.Build.0 = Release|Any CPU
		{B5C3A966-F286-4CB8-913B-C8625625451D}.Debug|Any CPU.ActiveCfg = Debug|Any CPU
		{B5C3A966-F286-4CB8-913B-C8625625451D}.Debug|Any CPU.Build.0 = Debug|Any CPU
		{B5C3A966-F286-4CB8-913B-C8625625451D}.Release|Any CPU.ActiveCfg = Release|Any CPU
		{B5C3A966-F286-4CB8-913B-C8625625451D}.Release|Any CPU.Build.0 = Release|Any CPU
		{DC7CC356-EE06-49C0-9985-9D0101AAF45F}.Debug|Any CPU.ActiveCfg = Debug|Any CPU
		{DC7CC356-EE06-49C0-9985-9D0101AAF45F}.Debug|Any CPU.Build.0 = Debug|Any CPU
		{DC7CC356-EE06-49C0-9985-9D0101AAF45F}.Release|Any CPU.ActiveCfg = Release|Any CPU
		{DC7CC356-EE06-49C0-9985-9D0101AAF45F}.Release|Any CPU.Build.0 = Release|Any CPU
	EndGlobalSection
	GlobalSection(SolutionProperties) = preSolution
		HideSolutionNode = FALSE
	EndGlobalSection
	GlobalSection(NestedProjects) = preSolution
		{303D2A12-79EC-464A-88E6-25B98A64E5ED} = {3F05B603-9C28-42D4-94E2-1912DAC6EF87}
		{73A9F7E1-D454-45FB-A9CA-29E1FD7F0AEC} = {3F05B603-9C28-42D4-94E2-1912DAC6EF87}
		{DC7CC356-EE06-49C0-9985-9D0101AAF45F} = {3F05B603-9C28-42D4-94E2-1912DAC6EF87}
		{5B38D82E-45BE-4EAA-933E-06CB95EF9CCE} = {3F05B603-9C28-42D4-94E2-1912DAC6EF87}
	EndGlobalSection
EndGlobal
